// !$*UTF8*$!
{
	archiveVersion = 1;
	classes = {
	};
	objectVersion = 50;
	objects = {

/* Begin PBXBuildFile section */
		191EB64524CF951400F2FEFA /* AppDelegate.swift in Sources */ = {isa = PBXBuildFile; fileRef = 191EB64424CF951400F2FEFA /* AppDelegate.swift */; };
		191EB64724CF951400F2FEFA /* SceneDelegate.swift in Sources */ = {isa = PBXBuildFile; fileRef = 191EB64624CF951400F2FEFA /* SceneDelegate.swift */; };
		191EB64924CF951400F2FEFA /* ViewController.swift in Sources */ = {isa = PBXBuildFile; fileRef = 191EB64824CF951400F2FEFA /* ViewController.swift */; };
		191EB64C24CF951400F2FEFA /* Main.storyboard in Resources */ = {isa = PBXBuildFile; fileRef = 191EB64A24CF951400F2FEFA /* Main.storyboard */; };
		191EB64E24CF951800F2FEFA /* Assets.xcassets in Resources */ = {isa = PBXBuildFile; fileRef = 191EB64D24CF951800F2FEFA /* Assets.xcassets */; };
		191EB65124CF951800F2FEFA /* LaunchScreen.storyboard in Resources */ = {isa = PBXBuildFile; fileRef = 191EB64F24CF951800F2FEFA /* LaunchScreen.storyboard */; };
/* End PBXBuildFile section */

/* Begin PBXFileReference section */
		191EB64124CF951400F2FEFA /* OrientacaoObjeto.app */ = {isa = PBXFileReference; explicitFileType = wrapper.application; includeInIndex = 0; path = OrientacaoObjeto.app; sourceTree = BUILT_PRODUCTS_DIR; };
		191EB64424CF951400F2FEFA /* AppDelegate.swift */ = {isa = PBXFileReference; lastKnownFileType = sourcecode.swift; path = AppDelegate.swift; sourceTree = "<group>"; };
		191EB64624CF951400F2FEFA /* SceneDelegate.swift */ = {isa = PBXFileReference; lastKnownFileType = sourcecode.swift; path = SceneDelegate.swift; sourceTree = "<group>"; };
		191EB64824CF951400F2FEFA /* ViewController.swift */ = {isa = PBXFileReference; lastKnownFileType = sourcecode.swift; path = ViewController.swift; sourceTree = "<group>"; };
		191EB64B24CF951400F2FEFA /* Base */ = {isa = PBXFileReference; lastKnownFileType = file.storyboard; name = Base; path = Base.lproj/Main.storyboard; sourceTree = "<group>"; };
		191EB64D24CF951800F2FEFA /* Assets.xcassets */ = {isa = PBXFileReference; lastKnownFileType = folder.assetcatalog; path = Assets.xcassets; sourceTree = "<group>"; };
		191EB65024CF951800F2FEFA /* Base */ = {isa = PBXFileReference; lastKnownFileType = file.storyboard; name = Base; path = Base.lproj/LaunchScreen.storyboard; sourceTree = "<group>"; };
		191EB65224CF951800F2FEFA /* Info.plist */ = {isa = PBXFileReference; lastKnownFileType = text.plist.xml; path = Info.plist; sourceTree = "<group>"; };
/* End PBXFileReference section */

/* Begin PBXFrameworksBuildPhase section */
		191EB63E24CF951400F2FEFA /* Frameworks */ = {
			isa = PBXFrameworksBuildPhase;
			buildActionMask = 2147483647;
			files = (
			);
			runOnlyForDeploymentPostprocessing = 0;
		};
/* End PBXFrameworksBuildPhase section */

/* Begin PBXGroup section */
		191EB63824CF951400F2FEFA = {
			isa = PBXGroup;
			children = (
				191EB64324CF951400F2FEFA /* OrientacaoObjeto */,
				191EB64224CF951400F2FEFA /* Products */,
			);
			sourceTree = "<group>";
		};
		191EB64224CF951400F2FEFA /* Products */ = {
			isa = PBXGroup;
			children = (
				191EB64124CF951400F2FEFA /* OrientacaoObjeto.app */,
			);
			name = Products;
			sourceTree = "<group>";
		};
		191EB64324CF951400F2FEFA /* OrientacaoObjeto */ = {
			isa = PBXGroup;
			children = (
				191EB64424CF951400F2FEFA /* AppDelegate.swift */,
				191EB64624CF951400F2FEFA /* SceneDelegate.swift */,
				191EB64824CF951400F2FEFA /* ViewController.swift */,
				191EB64A24CF951400F2FEFA /* Main.storyboard */,
				191EB64D24CF951800F2FEFA /* Assets.xcassets */,
				191EB64F24CF951800F2FEFA /* LaunchScreen.storyboard */,
				191EB65224CF951800F2FEFA /* Info.plist */,
			);
			path = OrientacaoObjeto;
			sourceTree = "<group>";
		};
/* End PBXGroup section */

/* Begin PBXNativeTarget section */
		191EB64024CF951400F2FEFA /* OrientacaoObjeto */ = {
			isa = PBXNativeTarget;
			buildConfigurationList = 191EB65524CF951800F2FEFA /* Build configuration list for PBXNativeTarget "OrientacaoObjeto" */;
			buildPhases = (
				191EB63D24CF951400F2FEFA /* Sources */,
				191EB63E24CF951400F2FEFA /* Frameworks */,
				191EB63F24CF951400F2FEFA /* Resources */,
			);
			buildRules = (
			);
			dependencies = (
			);
			name = OrientacaoObjeto;
			productName = OrientacaoObjeto;
			productReference = 191EB64124CF951400F2FEFA /* OrientacaoObjeto.app */;
			productType = "com.apple.product-type.application";
		};
/* End PBXNativeTarget section */

/* Begin PBXProject section */
		191EB63924CF951400F2FEFA /* Project object */ = {
			isa = PBXProject;
			attributes = {
				LastSwiftUpdateCheck = 1160;
				LastUpgradeCheck = 1160;
				ORGANIZATIONNAME = DigitalHouse;
				TargetAttributes = {
					191EB64024CF951400F2FEFA = {
						CreatedOnToolsVersion = 11.6;
					};
				};
			};
			buildConfigurationList = 191EB63C24CF951400F2FEFA /* Build configuration list for PBXProject "OrientacaoObjeto" */;
			compatibilityVersion = "Xcode 9.3";
			developmentRegion = en;
			hasScannedForEncodings = 0;
			knownRegions = (
				en,
				Base,
			);
			mainGroup = 191EB63824CF951400F2FEFA;
			productRefGroup = 191EB64224CF951400F2FEFA /* Products */;
			projectDirPath = "";
			projectRoot = "";
			targets = (
				191EB64024CF951400F2FEFA /* OrientacaoObjeto */,
			);
		};
/* End PBXProject section */

/* Begin PBXResourcesBuildPhase section */
		191EB63F24CF951400F2FEFA /* Resources */ = {
			isa = PBXResourcesBuildPhase;
			buildActionMask = 2147483647;
			files = (
				191EB65124CF951800F2FEFA /* LaunchScreen.storyboard in Resources */,
				191EB64E24CF951800F2FEFA /* Assets.xcassets in Resources */,
				191EB64C24CF951400F2FEFA /* Main.storyboard in Resources */,
			);
			runOnlyForDeploymentPostprocessing = 0;
		};
/* End PBXResourcesBuildPhase section */

/* Begin PBXSourcesBuildPhase section */
		191EB63D24CF951400F2FEFA /* Sources */ = {
			isa = PBXSourcesBuildPhase;
			buildActionMask = 2147483647;
			files = (
				191EB64924CF951400F2FEFA /* ViewController.swift in Sources */,
				191EB64524CF951400F2FEFA /* AppDelegate.swift in Sources */,
				191EB64724CF951400F2FEFA /* SceneDelegate.swift in Sources */,
			);
			runOnlyForDeploymentPostprocessing = 0;
		};
/* End PBXSourcesBuildPhase section */

/* Begin PBXVariantGroup section */
		191EB64A24CF951400F2FEFA /* Main.storyboard */ = {
			isa = PBXVariantGroup;
			children = (
				191EB64B24CF951400F2FEFA /* Base */,
			);
			name = Main.storyboard;
			sourceTree = "<group>";
		};
		191EB64F24CF951800F2FEFA /* LaunchScreen.storyboard */ = {
			isa = PBXVariantGroup;
			children = (
				191EB65024CF951800F2FEFA /* Base */,
			);
			name = LaunchScreen.storyboard;
			sourceTree = "<group>";
		};
/* End PBXVariantGroup section */

/* Begin XCBuildConfiguration section */
		191EB65324CF951800F2FEFA /* Debug */ = {
			isa = XCBuildConfiguration;
			buildSettings = {
				ALWAYS_SEARCH_USER_PATHS = NO;
				CLANG_ANALYZER_NONNULL = YES;
				CLANG_ANALYZER_NUMBER_OBJECT_CONVERSION = YES_AGGRESSIVE;
				CLANG_CXX_LANGUAGE_STANDARD = "gnu++14";
				CLANG_CXX_LIBRARY = "libc++";
				CLANG_ENABLE_MODULES = YES;
				CLANG_ENABLE_OBJC_ARC = YES;
				CLANG_ENABLE_OBJC_WEAK = YES;
				CLANG_WARN_BLOCK_CAPTURE_AUTORELEASING = YES;
				CLANG_WARN_BOOL_CONVERSION = YES;
				CLANG_WARN_COMMA = YES;
				CLANG_WARN_CONSTANT_CONVERSION = YES;
				CLANG_WARN_DEPRECATED_OBJC_IMPLEMENTATIONS = YES;
				CLANG_WARN_DIRECT_OBJC_ISA_USAGE = YES_ERROR;
				CLANG_WARN_DOCUMENTATION_COMMENTS = YES;
				CLANG_WARN_EMPTY_BODY = YES;
				CLANG_WARN_ENUM_CONVERSION = YES;
				CLANG_WARN_INFINITE_RECURSION = YES;
				CLANG_WARN_INT_CONVERSION = YES;
				CLANG_WARN_NON_LITERAL_NULL_CONVERSION = YES;
				CLANG_WARN_OBJC_IMPLICIT_RETAIN_SELF = YES;
				CLANG_WARN_OBJC_LITERAL_CONVERSION = YES;
				CLANG_WARN_OBJC_ROOT_CLASS = YES_ERROR;
				CLANG_WARN_RANGE_LOOP_ANALYSIS = YES;
				CLANG_WARN_STRICT_PROTOTYPES = YES;
				CLANG_WARN_SUSPICIOUS_MOVE = YES;
				CLANG_WARN_UNGUARDED_AVAILABILITY = YES_AGGRESSIVE;
				CLANG_WARN_UNREACHABLE_CODE = YES;
				CLANG_WARN__DUPLICATE_METHOD_MATCH = YES;
				COPY_PHASE_STRIP = NO;
				DEBUG_INFORMATION_FORMAT = dwarf;
				ENABLE_STRICT_OBJC_MSGSEND = YES;
				ENABLE_TESTABILITY = YES;
				GCC_C_LANGUAGE_STANDARD = gnu11;
				GCC_DYNAMIC_NO_PIC = NO;
				GCC_NO_COMMON_BLOCKS = YES;
				GCC_OPTIMIZATION_LEVEL = 0;
				GCC_PREPROCESSOR_DEFINITIONS = (
					"DEBUG=1",
					"$(inherited)",
				);
				GCC_WARN_64_TO_32_BIT_CONVERSION = YES;
				GCC_WARN_ABOUT_RETURN_TYPE = YES_ERROR;
				GCC_WARN_UNDECLARED_SELECTOR = YES;
				GCC_WARN_UNINITIALIZED_AUTOS = YES_AGGRESSIVE;
				GCC_WARN_UNUSED_FUNCTION = YES;
				GCC_WARN_UNUSED_VARIABLE = YES;
				IPHONEOS_DEPLOYMENT_TARGET = 13.6;
				MTL_ENABLE_DEBUG_INFO = INCLUDE_SOURCE;
				MTL_FAST_MATH = YES;
				ONLY_ACTIVE_ARCH = YES;
				SDKROOT = iphoneos;
				SWIFT_ACTIVE_COMPILATION_CONDITIONS = DEBUG;
				SWIFT_OPTIMIZATION_LEVEL = "-Onone";
			};
			name = Debug;
		};
		191EB65424CF951800F2FEFA /* Release */ = {
			isa = XCBuildConfiguration;
			buildSettings = {
				ALWAYS_SEARCH_USER_PATHS = NO;
				CLANG_ANALYZER_NONNULL = YES;
				CLANG_ANALYZER_NUMBER_OBJECT_CONVERSION = YES_AGGRESSIVE;
				CLANG_CXX_LANGUAGE_STANDARD = "gnu++14";
				CLANG_CXX_LIBRARY = "libc++";
				CLANG_ENABLE_MODULES = YES;
				CLANG_ENABLE_OBJC_ARC = YES;
				CLANG_ENABLE_OBJC_WEAK = YES;
				CLANG_WARN_BLOCK_CAPTURE_AUTORELEASING = YES;
				CLANG_WARN_BOOL_CONVERSION = YES;
				CLANG_WARN_COMMA = YES;
				CLANG_WARN_CONSTANT_CONVERSION = YES;
				CLANG_WARN_DEPRECATED_OBJC_IMPLEMENTATIONS = YES;
				CLANG_WARN_DIRECT_OBJC_ISA_USAGE = YES_ERROR;
				CLANG_WARN_DOCUMENTATION_COMMENTS = YES;
				CLANG_WARN_EMPTY_BODY = YES;
				CLANG_WARN_ENUM_CONVERSION = YES;
				CLANG_WARN_INFINITE_RECURSION = YES;
				CLANG_WARN_INT_CONVERSION = YES;
				CLANG_WARN_NON_LITERAL_NULL_CONVERSION = YES;
				CLANG_WARN_OBJC_IMPLICIT_RETAIN_SELF = YES;
				CLANG_WARN_OBJC_LITERAL_CONVERSION = YES;
				CLANG_WARN_OBJC_ROOT_CLASS = YES_ERROR;
				CLANG_WARN_RANGE_LOOP_ANALYSIS = YES;
				CLANG_WARN_STRICT_PROTOTYPES = YES;
				CLANG_WARN_SUSPICIOUS_MOVE = YES;
				CLANG_WARN_UNGUARDED_AVAILABILITY = YES_AGGRESSIVE;
				CLANG_WARN_UNREACHABLE_CODE = YES;
				CLANG_WARN__DUPLICATE_METHOD_MATCH = YES;
				COPY_PHASE_STRIP = NO;
				DEBUG_INFORMATION_FORMAT = "dwarf-with-dsym";
				ENABLE_NS_ASSERTIONS = NO;
				ENABLE_STRICT_OBJC_MSGSEND = YES;
				GCC_C_LANGUAGE_STANDARD = gnu11;
				GCC_NO_COMMON_BLOCKS = YES;
				GCC_WARN_64_TO_32_BIT_CONVERSION = YES;
				GCC_WARN_ABOUT_RETURN_TYPE = YES_ERROR;
				GCC_WARN_UNDECLARED_SELECTOR = YES;
				GCC_WARN_UNINITIALIZED_AUTOS = YES_AGGRESSIVE;
				GCC_WARN_UNUSED_FUNCTION = YES;
				GCC_WARN_UNUSED_VARIABLE = YES;
				IPHONEOS_DEPLOYMENT_TARGET = 13.6;
				MTL_ENABLE_DEBUG_INFO = NO;
				MTL_FAST_MATH = YES;
				SDKROOT = iphoneos;
				SWIFT_COMPILATION_MODE = wholemodule;
				SWIFT_OPTIMIZATION_LEVEL = "-O";
				VALIDATE_PRODUCT = YES;
			};
			name = Release;
		};
		191EB65624CF951800F2FEFA /* Debug */ = {
			isa = XCBuildConfiguration;
			buildSettings = {
				ASSETCATALOG_COMPILER_APPICON_NAME = AppIcon;
				CODE_SIGN_STYLE = Automatic;
				DEVELOPMENT_TEAM = 9Z9NAPLXJC;
				INFOPLIST_FILE = OrientacaoObjeto/Info.plist;
				LD_RUNPATH_SEARCH_PATHS = (
					"$(inherited)",
					"@executable_path/Frameworks",
				);
				PRODUCT_BUNDLE_IDENTIFIER = com.DigitalHouse.OrientacaoObjeto;
				PRODUCT_NAME = "$(TARGET_NAME)";
				SWIFT_VERSION = 5.0;
				TARGETED_DEVICE_FAMILY = 1;
			};
			name = Debug;
		};
		191EB65724CF951800F2FEFA /* Release */ = {
			isa = XCBuildConfiguration;
			buildSettings = {
				ASSETCATALOG_COMPILER_APPICON_NAME = AppIcon;
				CODE_SIGN_STYLE = Automatic;
				DEVELOPMENT_TEAM = 9Z9NAPLXJC;
				INFOPLIST_FILE = OrientacaoObjeto/Info.plist;
				LD_RUNPATH_SEARCH_PATHS = (
					"$(inherited)",
					"@executable_path/Frameworks",
				);
				PRODUCT_BUNDLE_IDENTIFIER = com.DigitalHouse.OrientacaoObjeto;
				PRODUCT_NAME = "$(TARGET_NAME)";
				SWIFT_VERSION = 5.0;
				TARGETED_DEVICE_FAMILY = 1;
			};
			name = Release;
		};
/* End XCBuildConfiguration section */

/* Begin XCConfigurationList section */
		191EB63C24CF951400F2FEFA /* Build configuration list for PBXProject "OrientacaoObjeto" */ = {
			isa = XCConfigurationList;
			buildConfigurations = (
				191EB65324CF951800F2FEFA /* Debug */,
				191EB65424CF951800F2FEFA /* Release */,
			);
			defaultConfigurationIsVisible = 0;
			defaultConfigurationName = Release;
		};
		191EB65524CF951800F2FEFA /* Build configuration list for PBXNativeTarget "OrientacaoObjeto" */ = {
			isa = XCConfigurationList;
			buildConfigurations = (
				191EB65624CF951800F2FEFA /* Debug */,
				191EB65724CF951800F2FEFA /* Release */,
			);
			defaultConfigurationIsVisible = 0;
			defaultConfigurationName = Release;
		};
/* End XCConfigurationList section */
	};
	rootObject = 191EB63924CF951400F2FEFA /* Project object */;
}
